// !$*UTF8*$!
{
	archiveVersion = 1;
	classes = {
	};
	objectVersion = 46;
	objects = {

/* Begin PBXBuildFile section */
		5E85B45A1E8020CE00E7E8D2 /* AppDelegate.swift in Sources */ = {isa = PBXBuildFile; fileRef = 5E85B4591E8020CE00E7E8D2 /* AppDelegate.swift */; };
		5E85B45C1E8020CE00E7E8D2 /* ViewController.swift in Sources */ = {isa = PBXBuildFile; fileRef = 5E85B45B1E8020CE00E7E8D2 /* ViewController.swift */; };
		5E85B45F1E8020CE00E7E8D2 /* Main.storyboard in Resources */ = {isa = PBXBuildFile; fileRef = 5E85B45D1E8020CE00E7E8D2 /* Main.storyboard */; };
		5E85B4641E8020CE00E7E8D2 /* LaunchScreen.storyboard in Resources */ = {isa = PBXBuildFile; fileRef = 5E85B4621E8020CE00E7E8D2 /* LaunchScreen.storyboard */; };
		5E85B46C1E80271100E7E8D2 /* GoogleMaps.bundle in Resources */ = {isa = PBXBuildFile; fileRef = 5E85B46B1E80271100E7E8D2 /* GoogleMaps.bundle */; };
		5E85B46E1E80271A00E7E8D2 /* GoogleMaps.framework in Frameworks */ = {isa = PBXBuildFile; fileRef = 5E85B46D1E80271A00E7E8D2 /* GoogleMaps.framework */; };
		5E85B4701E80274100E7E8D2 /* GoogleMapsCore.framework in Frameworks */ = {isa = PBXBuildFile; fileRef = 5E85B46F1E80274100E7E8D2 /* GoogleMapsCore.framework */; };
		5E85B4721E80275A00E7E8D2 /* GoogleMapsBase.framework in Frameworks */ = {isa = PBXBuildFile; fileRef = 5E85B4711E80275A00E7E8D2 /* GoogleMapsBase.framework */; };
		5E85B4741E80278500E7E8D2 /* AVFoundation.framework in Frameworks */ = {isa = PBXBuildFile; fileRef = 5E85B4731E80278500E7E8D2 /* AVFoundation.framework */; };
		5E85B4761E80278E00E7E8D2 /* CoreData.framework in Frameworks */ = {isa = PBXBuildFile; fileRef = 5E85B4751E80278E00E7E8D2 /* CoreData.framework */; };
		5E85B4781E80279700E7E8D2 /* CoreLocation.framework in Frameworks */ = {isa = PBXBuildFile; fileRef = 5E85B4771E80279700E7E8D2 /* CoreLocation.framework */; };
		5E85B47A1E8027A000E7E8D2 /* CoreText.framework in Frameworks */ = {isa = PBXBuildFile; fileRef = 5E85B4791E8027A000E7E8D2 /* CoreText.framework */; };
		5E85B47C1E8027A800E7E8D2 /* GLKit.framework in Frameworks */ = {isa = PBXBuildFile; fileRef = 5E85B47B1E8027A800E7E8D2 /* GLKit.framework */; };
		5E85B47E1E8027B000E7E8D2 /* ImageIO.framework in Frameworks */ = {isa = PBXBuildFile; fileRef = 5E85B47D1E8027AF00E7E8D2 /* ImageIO.framework */; };
		5E85B4801E8027C100E7E8D2 /* SystemConfiguration.framework in Frameworks */ = {isa = PBXBuildFile; fileRef = 5E85B47F1E8027C100E7E8D2 /* SystemConfiguration.framework */; };
		5E85B4821E8027CE00E7E8D2 /* QuartzCore.framework in Frameworks */ = {isa = PBXBuildFile; fileRef = 5E85B4811E8027CE00E7E8D2 /* QuartzCore.framework */; };
		5E85B4841E8027D500E7E8D2 /* OpenGLES.framework in Frameworks */ = {isa = PBXBuildFile; fileRef = 5E85B4831E8027D500E7E8D2 /* OpenGLES.framework */; };
		5E85B4861E80281000E7E8D2 /* libz.tbd in Frameworks */ = {isa = PBXBuildFile; fileRef = 5E85B4851E80281000E7E8D2 /* libz.tbd */; };
		5E85B4881E80281700E7E8D2 /* libc++.tbd in Frameworks */ = {isa = PBXBuildFile; fileRef = 5E85B4871E80281700E7E8D2 /* libc++.tbd */; };
		5E85B48A1E802BC800E7E8D2 /* UIKit.framework in Frameworks */ = {isa = PBXBuildFile; fileRef = 5E85B4891E802BC800E7E8D2 /* UIKit.framework */; };
		5E85B48C1E802BD000E7E8D2 /* CoreGraphics.framework in Frameworks */ = {isa = PBXBuildFile; fileRef = 5E85B48B1E802BD000E7E8D2 /* CoreGraphics.framework */; };
		5E85B48E1E802BD800E7E8D2 /* Accelerate.framework in Frameworks */ = {isa = PBXBuildFile; fileRef = 5E85B48D1E802BD800E7E8D2 /* Accelerate.framework */; };
		A8F2AEE21E89A901006C942B /* Assets.xcassets in Resources */ = {isa = PBXBuildFile; fileRef = A8F2AEE11E89A901006C942B /* Assets.xcassets */; };
/* End PBXBuildFile section */

/* Begin PBXFileReference section */
		5E85B4561E8020CE00E7E8D2 /* GreenRoute.app */ = {isa = PBXFileReference; explicitFileType = wrapper.application; includeInIndex = 0; path = GreenRoute.app; sourceTree = BUILT_PRODUCTS_DIR; };
		5E85B4591E8020CE00E7E8D2 /* AppDelegate.swift */ = {isa = PBXFileReference; lastKnownFileType = sourcecode.swift; path = AppDelegate.swift; sourceTree = "<group>"; };
		5E85B45B1E8020CE00E7E8D2 /* ViewController.swift */ = {isa = PBXFileReference; lastKnownFileType = sourcecode.swift; path = ViewController.swift; sourceTree = "<group>"; };
		5E85B45E1E8020CE00E7E8D2 /* Base */ = {isa = PBXFileReference; lastKnownFileType = file.storyboard; name = Base; path = Base.lproj/Main.storyboard; sourceTree = "<group>"; };
		5E85B4631E8020CE00E7E8D2 /* Base */ = {isa = PBXFileReference; lastKnownFileType = file.storyboard; name = Base; path = Base.lproj/LaunchScreen.storyboard; sourceTree = "<group>"; };
		5E85B4651E8020CE00E7E8D2 /* Info.plist */ = {isa = PBXFileReference; lastKnownFileType = text.plist.xml; path = Info.plist; sourceTree = "<group>"; };
		5E85B46B1E80271100E7E8D2 /* GoogleMaps.bundle */ = {isa = PBXFileReference; lastKnownFileType = "wrapper.plug-in"; path = GoogleMaps.bundle; sourceTree = "<group>"; };
		5E85B46D1E80271A00E7E8D2 /* GoogleMaps.framework */ = {isa = PBXFileReference; lastKnownFileType = wrapper.framework; path = GoogleMaps.framework; sourceTree = "<group>"; };
		5E85B46F1E80274100E7E8D2 /* GoogleMapsCore.framework */ = {isa = PBXFileReference; lastKnownFileType = wrapper.framework; path = GoogleMapsCore.framework; sourceTree = "<group>"; };
		5E85B4711E80275A00E7E8D2 /* GoogleMapsBase.framework */ = {isa = PBXFileReference; lastKnownFileType = wrapper.framework; path = GoogleMapsBase.framework; sourceTree = "<group>"; };
		5E85B4731E80278500E7E8D2 /* AVFoundation.framework */ = {isa = PBXFileReference; lastKnownFileType = wrapper.framework; name = AVFoundation.framework; path = System/Library/Frameworks/AVFoundation.framework; sourceTree = SDKROOT; };
		5E85B4751E80278E00E7E8D2 /* CoreData.framework */ = {isa = PBXFileReference; lastKnownFileType = wrapper.framework; name = CoreData.framework; path = System/Library/Frameworks/CoreData.framework; sourceTree = SDKROOT; };
		5E85B4771E80279700E7E8D2 /* CoreLocation.framework */ = {isa = PBXFileReference; lastKnownFileType = wrapper.framework; name = CoreLocation.framework; path = System/Library/Frameworks/CoreLocation.framework; sourceTree = SDKROOT; };
		5E85B4791E8027A000E7E8D2 /* CoreText.framework */ = {isa = PBXFileReference; lastKnownFileType = wrapper.framework; name = CoreText.framework; path = System/Library/Frameworks/CoreText.framework; sourceTree = SDKROOT; };
		5E85B47B1E8027A800E7E8D2 /* GLKit.framework */ = {isa = PBXFileReference; lastKnownFileType = wrapper.framework; name = GLKit.framework; path = System/Library/Frameworks/GLKit.framework; sourceTree = SDKROOT; };
		5E85B47D1E8027AF00E7E8D2 /* ImageIO.framework */ = {isa = PBXFileReference; lastKnownFileType = wrapper.framework; name = ImageIO.framework; path = System/Library/Frameworks/ImageIO.framework; sourceTree = SDKROOT; };
		5E85B47F1E8027C100E7E8D2 /* SystemConfiguration.framework */ = {isa = PBXFileReference; lastKnownFileType = wrapper.framework; name = SystemConfiguration.framework; path = System/Library/Frameworks/SystemConfiguration.framework; sourceTree = SDKROOT; };
		5E85B4811E8027CE00E7E8D2 /* QuartzCore.framework */ = {isa = PBXFileReference; lastKnownFileType = wrapper.framework; name = QuartzCore.framework; path = System/Library/Frameworks/QuartzCore.framework; sourceTree = SDKROOT; };
		5E85B4831E8027D500E7E8D2 /* OpenGLES.framework */ = {isa = PBXFileReference; lastKnownFileType = wrapper.framework; name = OpenGLES.framework; path = System/Library/Frameworks/OpenGLES.framework; sourceTree = SDKROOT; };
		5E85B4851E80281000E7E8D2 /* libz.tbd */ = {isa = PBXFileReference; lastKnownFileType = "sourcecode.text-based-dylib-definition"; name = libz.tbd; path = usr/lib/libz.tbd; sourceTree = SDKROOT; };
		5E85B4871E80281700E7E8D2 /* libc++.tbd */ = {isa = PBXFileReference; lastKnownFileType = "sourcecode.text-based-dylib-definition"; name = "libc++.tbd"; path = "usr/lib/libc++.tbd"; sourceTree = SDKROOT; };
		5E85B4891E802BC800E7E8D2 /* UIKit.framework */ = {isa = PBXFileReference; lastKnownFileType = wrapper.framework; name = UIKit.framework; path = System/Library/Frameworks/UIKit.framework; sourceTree = SDKROOT; };
		5E85B48B1E802BD000E7E8D2 /* CoreGraphics.framework */ = {isa = PBXFileReference; lastKnownFileType = wrapper.framework; name = CoreGraphics.framework; path = System/Library/Frameworks/CoreGraphics.framework; sourceTree = SDKROOT; };
		5E85B48D1E802BD800E7E8D2 /* Accelerate.framework */ = {isa = PBXFileReference; lastKnownFileType = wrapper.framework; name = Accelerate.framework; path = System/Library/Frameworks/Accelerate.framework; sourceTree = SDKROOT; };
		A8F2AEE11E89A901006C942B /* Assets.xcassets */ = {isa = PBXFileReference; lastKnownFileType = folder.assetcatalog; path = Assets.xcassets; sourceTree = "<group>"; };
/* End PBXFileReference section */

/* Begin PBXFrameworksBuildPhase section */
		5E85B4531E8020CE00E7E8D2 /* Frameworks */ = {
			isa = PBXFrameworksBuildPhase;
			buildActionMask = 2147483647;
			files = (
				5E85B48E1E802BD800E7E8D2 /* Accelerate.framework in Frameworks */,
				5E85B48C1E802BD000E7E8D2 /* CoreGraphics.framework in Frameworks */,
				5E85B48A1E802BC800E7E8D2 /* UIKit.framework in Frameworks */,
				5E85B4881E80281700E7E8D2 /* libc++.tbd in Frameworks */,
				5E85B4861E80281000E7E8D2 /* libz.tbd in Frameworks */,
				5E85B4841E8027D500E7E8D2 /* OpenGLES.framework in Frameworks */,
				5E85B4821E8027CE00E7E8D2 /* QuartzCore.framework in Frameworks */,
				5E85B4801E8027C100E7E8D2 /* SystemConfiguration.framework in Frameworks */,
				5E85B47E1E8027B000E7E8D2 /* ImageIO.framework in Frameworks */,
				5E85B47C1E8027A800E7E8D2 /* GLKit.framework in Frameworks */,
				5E85B47A1E8027A000E7E8D2 /* CoreText.framework in Frameworks */,
				5E85B4781E80279700E7E8D2 /* CoreLocation.framework in Frameworks */,
				5E85B4761E80278E00E7E8D2 /* CoreData.framework in Frameworks */,
				5E85B4741E80278500E7E8D2 /* AVFoundation.framework in Frameworks */,
				5E85B4721E80275A00E7E8D2 /* GoogleMapsBase.framework in Frameworks */,
				5E85B46E1E80271A00E7E8D2 /* GoogleMaps.framework in Frameworks */,
				5E85B4701E80274100E7E8D2 /* GoogleMapsCore.framework in Frameworks */,
			);
			runOnlyForDeploymentPostprocessing = 0;
		};
/* End PBXFrameworksBuildPhase section */

/* Begin PBXGroup section */
		5E85B44D1E8020CE00E7E8D2 = {
			isa = PBXGroup;
			children = (
				5E85B48D1E802BD800E7E8D2 /* Accelerate.framework */,
				5E85B48B1E802BD000E7E8D2 /* CoreGraphics.framework */,
				5E85B4891E802BC800E7E8D2 /* UIKit.framework */,
				5E85B4871E80281700E7E8D2 /* libc++.tbd */,
				5E85B4851E80281000E7E8D2 /* libz.tbd */,
				5E85B4831E8027D500E7E8D2 /* OpenGLES.framework */,
				5E85B4811E8027CE00E7E8D2 /* QuartzCore.framework */,
				5E85B47F1E8027C100E7E8D2 /* SystemConfiguration.framework */,
				5E85B47D1E8027AF00E7E8D2 /* ImageIO.framework */,
				5E85B47B1E8027A800E7E8D2 /* GLKit.framework */,
				5E85B4791E8027A000E7E8D2 /* CoreText.framework */,
				5E85B4771E80279700E7E8D2 /* CoreLocation.framework */,
				5E85B4751E80278E00E7E8D2 /* CoreData.framework */,
				5E85B4731E80278500E7E8D2 /* AVFoundation.framework */,
				5E85B4581E8020CE00E7E8D2 /* GreenRoute */,
				5E85B4571E8020CE00E7E8D2 /* Products */,
				A8F2AEE11E89A901006C942B /* Assets.xcassets */,
			);
			sourceTree = "<group>";
		};
		5E85B4571E8020CE00E7E8D2 /* Products */ = {
			isa = PBXGroup;
			children = (
				5E85B4561E8020CE00E7E8D2 /* GreenRoute.app */,
			);
			name = Products;
			sourceTree = "<group>";
		};
		5E85B4581E8020CE00E7E8D2 /* GreenRoute */ = {
			isa = PBXGroup;
			children = (
				5E85B4711E80275A00E7E8D2 /* GoogleMapsBase.framework */,
				5E85B46F1E80274100E7E8D2 /* GoogleMapsCore.framework */,
				5E85B46D1E80271A00E7E8D2 /* GoogleMaps.framework */,
				5E85B46B1E80271100E7E8D2 /* GoogleMaps.bundle */,
				5E85B4591E8020CE00E7E8D2 /* AppDelegate.swift */,
				5E85B45B1E8020CE00E7E8D2 /* ViewController.swift */,
				5E85B45D1E8020CE00E7E8D2 /* Main.storyboard */,
				5E85B4621E8020CE00E7E8D2 /* LaunchScreen.storyboard */,
				5E85B4651E8020CE00E7E8D2 /* Info.plist */,
			);
			path = GreenRoute;
			sourceTree = "<group>";
		};
/* End PBXGroup section */

/* Begin PBXNativeTarget section */
		5E85B4551E8020CE00E7E8D2 /* GreenRoute */ = {
			isa = PBXNativeTarget;
			buildConfigurationList = 5E85B4681E8020CE00E7E8D2 /* Build configuration list for PBXNativeTarget "GreenRoute" */;
			buildPhases = (
				5E85B4521E8020CE00E7E8D2 /* Sources */,
				5E85B4531E8020CE00E7E8D2 /* Frameworks */,
				5E85B4541E8020CE00E7E8D2 /* Resources */,
			);
			buildRules = (
			);
			dependencies = (
			);
			name = GreenRoute;
			productName = GreenRoute;
			productReference = 5E85B4561E8020CE00E7E8D2 /* GreenRoute.app */;
			productType = "com.apple.product-type.application";
		};
/* End PBXNativeTarget section */

/* Begin PBXProject section */
		5E85B44E1E8020CE00E7E8D2 /* Project object */ = {
			isa = PBXProject;
			attributes = {
				LastSwiftUpdateCheck = 0730;
				LastUpgradeCheck = 0730;
				ORGANIZATIONNAME = "Vithala,Niharika";
				TargetAttributes = {
					5E85B4551E8020CE00E7E8D2 = {
						CreatedOnToolsVersion = 7.3.1;
						DevelopmentTeam = MK3EREN6D7;
					};
				};
			};
			buildConfigurationList = 5E85B4511E8020CE00E7E8D2 /* Build configuration list for PBXProject "GreenRoute" */;
			compatibilityVersion = "Xcode 3.2";
			developmentRegion = English;
			hasScannedForEncodings = 0;
			knownRegions = (
				en,
				Base,
			);
			mainGroup = 5E85B44D1E8020CE00E7E8D2;
			productRefGroup = 5E85B4571E8020CE00E7E8D2 /* Products */;
			projectDirPath = "";
			projectRoot = "";
			targets = (
				5E85B4551E8020CE00E7E8D2 /* GreenRoute */,
			);
		};
/* End PBXProject section */

/* Begin PBXResourcesBuildPhase section */
		5E85B4541E8020CE00E7E8D2 /* Resources */ = {
			isa = PBXResourcesBuildPhase;
			buildActionMask = 2147483647;
			files = (
				5E85B4641E8020CE00E7E8D2 /* LaunchScreen.storyboard in Resources */,
				5E85B45F1E8020CE00E7E8D2 /* Main.storyboard in Resources */,
				A8F2AEE21E89A901006C942B /* Assets.xcassets in Resources */,
				5E85B46C1E80271100E7E8D2 /* GoogleMaps.bundle in Resources */,
			);
			runOnlyForDeploymentPostprocessing = 0;
		};
/* End PBXResourcesBuildPhase section */

/* Begin PBXSourcesBuildPhase section */
		5E85B4521E8020CE00E7E8D2 /* Sources */ = {
			isa = PBXSourcesBuildPhase;
			buildActionMask = 2147483647;
			files = (
				5E85B45C1E8020CE00E7E8D2 /* ViewController.swift in Sources */,
				5E85B45A1E8020CE00E7E8D2 /* AppDelegate.swift in Sources */,
			);
			runOnlyForDeploymentPostprocessing = 0;
		};
/* End PBXSourcesBuildPhase section */

/* Begin PBXVariantGroup section */
		5E85B45D1E8020CE00E7E8D2 /* Main.storyboard */ = {
			isa = PBXVariantGroup;
			children = (
				5E85B45E1E8020CE00E7E8D2 /* Base */,
			);
			name = Main.storyboard;
			sourceTree = "<group>";
		};
		5E85B4621E8020CE00E7E8D2 /* LaunchScreen.storyboard */ = {
			isa = PBXVariantGroup;
			children = (
				5E85B4631E8020CE00E7E8D2 /* Base */,
			);
			name = LaunchScreen.storyboard;
			sourceTree = "<group>";
		};
/* End PBXVariantGroup section */

/* Begin XCBuildConfiguration section */
		5E85B4661E8020CE00E7E8D2 /* Debug */ = {
			isa = XCBuildConfiguration;
			buildSettings = {
				ALWAYS_SEARCH_USER_PATHS = NO;
				CLANG_ANALYZER_NONNULL = YES;
				CLANG_CXX_LANGUAGE_STANDARD = "gnu++0x";
				CLANG_CXX_LIBRARY = "libc++";
				CLANG_ENABLE_MODULES = YES;
				CLANG_ENABLE_OBJC_ARC = YES;
				CLANG_WARN_BOOL_CONVERSION = YES;
				CLANG_WARN_CONSTANT_CONVERSION = YES;
				CLANG_WARN_DIRECT_OBJC_ISA_USAGE = YES_ERROR;
				CLANG_WARN_EMPTY_BODY = YES;
				CLANG_WARN_ENUM_CONVERSION = YES;
				CLANG_WARN_INT_CONVERSION = YES;
				CLANG_WARN_OBJC_ROOT_CLASS = YES_ERROR;
				CLANG_WARN_UNREACHABLE_CODE = YES;
				CLANG_WARN__DUPLICATE_METHOD_MATCH = YES;
				"CODE_SIGN_IDENTITY[sdk=iphoneos*]" = "iPhone Developer";
				COPY_PHASE_STRIP = NO;
				DEBUG_INFORMATION_FORMAT = dwarf;
				ENABLE_BITCODE = NO;
				ENABLE_STRICT_OBJC_MSGSEND = YES;
				ENABLE_TESTABILITY = YES;
				GCC_C_LANGUAGE_STANDARD = gnu99;
				GCC_DYNAMIC_NO_PIC = NO;
				GCC_NO_COMMON_BLOCKS = YES;
				GCC_OPTIMIZATION_LEVEL = 0;
				GCC_PREPROCESSOR_DEFINITIONS = (
					"DEBUG=1",
					"$(inherited)",
				);
				GCC_WARN_64_TO_32_BIT_CONVERSION = YES;
				GCC_WARN_ABOUT_RETURN_TYPE = YES_ERROR;
				GCC_WARN_UNDECLARED_SELECTOR = YES;
				GCC_WARN_UNINITIALIZED_AUTOS = YES_AGGRESSIVE;
				GCC_WARN_UNUSED_FUNCTION = YES;
				GCC_WARN_UNUSED_VARIABLE = YES;
				IPHONEOS_DEPLOYMENT_TARGET = 9.3;
				MTL_ENABLE_DEBUG_INFO = YES;
				ONLY_ACTIVE_ARCH = YES;
				SDKROOT = iphoneos;
				SWIFT_OPTIMIZATION_LEVEL = "-Onone";
				TARGETED_DEVICE_FAMILY = "1,2";
			};
			name = Debug;
		};
		5E85B4671E8020CE00E7E8D2 /* Release */ = {
			isa = XCBuildConfiguration;
			buildSettings = {
				ALWAYS_SEARCH_USER_PATHS = NO;
				CLANG_ANALYZER_NONNULL = YES;
				CLANG_CXX_LANGUAGE_STANDARD = "gnu++0x";
				CLANG_CXX_LIBRARY = "libc++";
				CLANG_ENABLE_MODULES = YES;
				CLANG_ENABLE_OBJC_ARC = YES;
				CLANG_WARN_BOOL_CONVERSION = YES;
				CLANG_WARN_CONSTANT_CONVERSION = YES;
				CLANG_WARN_DIRECT_OBJC_ISA_USAGE = YES_ERROR;
				CLANG_WARN_EMPTY_BODY = YES;
				CLANG_WARN_ENUM_CONVERSION = YES;
				CLANG_WARN_INT_CONVERSION = YES;
				CLANG_WARN_OBJC_ROOT_CLASS = YES_ERROR;
				CLANG_WARN_UNREACHABLE_CODE = YES;
				CLANG_WARN__DUPLICATE_METHOD_MATCH = YES;
				"CODE_SIGN_IDENTITY[sdk=iphoneos*]" = "iPhone Developer";
				COPY_PHASE_STRIP = NO;
				DEBUG_INFORMATION_FORMAT = "dwarf-with-dsym";
				ENABLE_BITCODE = NO;
				ENABLE_NS_ASSERTIONS = NO;
				ENABLE_STRICT_OBJC_MSGSEND = YES;
				GCC_C_LANGUAGE_STANDARD = gnu99;
				GCC_NO_COMMON_BLOCKS = YES;
				GCC_WARN_64_TO_32_BIT_CONVERSION = YES;
				GCC_WARN_ABOUT_RETURN_TYPE = YES_ERROR;
				GCC_WARN_UNDECLARED_SELECTOR = YES;
				GCC_WARN_UNINITIALIZED_AUTOS = YES_AGGRESSIVE;
				GCC_WARN_UNUSED_FUNCTION = YES;
				GCC_WARN_UNUSED_VARIABLE = YES;
				IPHONEOS_DEPLOYMENT_TARGET = 9.3;
				MTL_ENABLE_DEBUG_INFO = NO;
				SDKROOT = iphoneos;
				TARGETED_DEVICE_FAMILY = "1,2";
				VALIDATE_PRODUCT = YES;
			};
			name = Release;
		};
		5E85B4691E8020CE00E7E8D2 /* Debug */ = {
			isa = XCBuildConfiguration;
			buildSettings = {
				ASSETCATALOG_COMPILER_APPICON_NAME = AppIcon;
				CODE_SIGN_IDENTITY = "iPhone Developer";
				FRAMEWORK_SEARCH_PATHS = (
					"$(inherited)",
					"$(PROJECT_DIR)/GreenRoute",
				);
				INFOPLIST_FILE = GreenRoute/Info.plist;
				IPHONEOS_DEPLOYMENT_TARGET = 9.0;
				LD_RUNPATH_SEARCH_PATHS = "$(inherited) @executable_path/Frameworks";
				"OTHER_LDFLAGS[arch=*]" = "-ObjC";
				PRODUCT_BUNDLE_IDENTIFIER = com.map.GreenRoute;
				PRODUCT_NAME = "$(TARGET_NAME)";
			};
			name = Debug;
		};
		5E85B46A1E8020CE00E7E8D2 /* Release */ = {
			isa = XCBuildConfiguration;
			buildSettings = {
				ASSETCATALOG_COMPILER_APPICON_NAME = AppIcon;
				CODE_SIGN_IDENTITY = "iPhone Developer";
				FRAMEWORK_SEARCH_PATHS = (
					"$(inherited)",
					"$(PROJECT_DIR)/GreenRoute",
				);
				INFOPLIST_FILE = GreenRoute/Info.plist;
				IPHONEOS_DEPLOYMENT_TARGET = 9.0;
				LD_RUNPATH_SEARCH_PATHS = "$(inherited) @executable_path/Frameworks";
				"OTHER_LDFLAGS[arch=*]" = "-ObjC";
				PRODUCT_BUNDLE_IDENTIFIER = com.map.GreenRoute;
				PRODUCT_NAME = "$(TARGET_NAME)";
			};
			name = Release;
		};
/* End XCBuildConfiguration section */

/* Begin XCConfigurationList section */
		5E85B4511E8020CE00E7E8D2 /* Build configuration list for PBXProject "GreenRoute" */ = {
			isa = XCConfigurationList;
			buildConfigurations = (
				5E85B4661E8020CE00E7E8D2 /* Debug */,
				5E85B4671E8020CE00E7E8D2 /* Release */,
			);
			defaultConfigurationIsVisible = 0;
			defaultConfigurationName = Release;
		};
		5E85B4681E8020CE00E7E8D2 /* Build configuration list for PBXNativeTarget "GreenRoute" */ = {
			isa = XCConfigurationList;
			buildConfigurations = (
				5E85B4691E8020CE00E7E8D2 /* Debug */,
				5E85B46A1E8020CE00E7E8D2 /* Release */,
			);
			defaultConfigurationIsVisible = 0;
			defaultConfigurationName = Release;
		};
/* End XCConfigurationList section */
	};
	rootObject = 5E85B44E1E8020CE00E7E8D2 /* Project object */;
}
