// !$*UTF8*$!
{
	archiveVersion = 1;
	classes = {
	};
	objectVersion = 46;
	objects = {

/* Begin PBXBuildFile section */
		5E85B45A1E8020CE00E7E8D2 /* AppDelegate.swift in Sources */ = {isa = PBXBuildFile; fileRef = 5E85B4591E8020CE00E7E8D2 /* AppDelegate.swift */; };
		5E85B45C1E8020CE00E7E8D2 /* ViewController.swift in Sources */ = {isa = PBXBuildFile; fileRef = 5E85B45B1E8020CE00E7E8D2 /* ViewController.swift */; };
		5E85B45F1E8020CE00E7E8D2 /* Main.storyboard in Resources */ = {isa = PBXBuildFile; fileRef = 5E85B45D1E8020CE00E7E8D2 /* Main.storyboard */; };
		5E85B4611E8020CE00E7E8D2 /* Assets.xcassets in Resources */ = {isa = PBXBuildFile; fileRef = 5E85B4601E8020CE00E7E8D2 /* Assets.xcassets */; };
		5E85B4641E8020CE00E7E8D2 /* LaunchScreen.storyboard in Resources */ = {isa = PBXBuildFile; fileRef = 5E85B4621E8020CE00E7E8D2 /* LaunchScreen.storyboard */; };
/* End PBXBuildFile section */

/* Begin PBXFileReference section */
		5E85B4561E8020CE00E7E8D2 /* GreenRoute.app */ = {isa = PBXFileReference; explicitFileType = wrapper.application; includeInIndex = 0; path = GreenRoute.app; sourceTree = BUILT_PRODUCTS_DIR; };
		5E85B4591E8020CE00E7E8D2 /* AppDelegate.swift */ = {isa = PBXFileReference; lastKnownFileType = sourcecode.swift; path = AppDelegate.swift; sourceTree = "<group>"; };
		5E85B45B1E8020CE00E7E8D2 /* ViewController.swift */ = {isa = PBXFileReference; lastKnownFileType = sourcecode.swift; path = ViewController.swift; sourceTree = "<group>"; };
		5E85B45E1E8020CE00E7E8D2 /* Base */ = {isa = PBXFileReference; lastKnownFileType = file.storyboard; name = Base; path = Base.lproj/Main.storyboard; sourceTree = "<group>"; };
		5E85B4601E8020CE00E7E8D2 /* Assets.xcassets */ = {isa = PBXFileReference; lastKnownFileType = folder.assetcatalog; path = Assets.xcassets; sourceTree = "<group>"; };
		5E85B4631E8020CE00E7E8D2 /* Base */ = {isa = PBXFileReference; lastKnownFileType = file.storyboard; name = Base; path = Base.lproj/LaunchScreen.storyboard; sourceTree = "<group>"; };
		5E85B4651E8020CE00E7E8D2 /* Info.plist */ = {isa = PBXFileReference; lastKnownFileType = text.plist.xml; path = Info.plist; sourceTree = "<group>"; };
/* End PBXFileReference section */

/* Begin PBXFrameworksBuildPhase section */
		5E85B4531E8020CE00E7E8D2 /* Frameworks */ = {
			isa = PBXFrameworksBuildPhase;
			buildActionMask = 2147483647;
			files = (
			);
			runOnlyForDeploymentPostprocessing = 0;
		};
/* End PBXFrameworksBuildPhase section */

/* Begin PBXGroup section */
		5E85B44D1E8020CE00E7E8D2 = {
			isa = PBXGroup;
			children = (
				5E85B4581E8020CE00E7E8D2 /* GreenRoute */,
				5E85B4571E8020CE00E7E8D2 /* Products */,
			);
			sourceTree = "<group>";
		};
		5E85B4571E8020CE00E7E8D2 /* Products */ = {
			isa = PBXGroup;
			children = (
				5E85B4561E8020CE00E7E8D2 /* GreenRoute.app */,
			);
			name = Products;
			sourceTree = "<group>";
		};
		5E85B4581E8020CE00E7E8D2 /* GreenRoute */ = {
			isa = PBXGroup;
			children = (
				5E85B4591E8020CE00E7E8D2 /* AppDelegate.swift */,
				5E85B45B1E8020CE00E7E8D2 /* ViewController.swift */,
				5E85B45D1E8020CE00E7E8D2 /* Main.storyboard */,
				5E85B4601E8020CE00E7E8D2 /* Assets.xcassets */,
				5E85B4621E8020CE00E7E8D2 /* LaunchScreen.storyboard */,
				5E85B4651E8020CE00E7E8D2 /* Info.plist */,
			);
			path = GreenRoute;
			sourceTree = "<group>";
		};
/* End PBXGroup section */

/* Begin PBXNativeTarget section */
		5E85B4551E8020CE00E7E8D2 /* GreenRoute */ = {
			isa = PBXNativeTarget;
			buildConfigurationList = 5E85B4681E8020CE00E7E8D2 /* Build configuration list for PBXNativeTarget "GreenRoute" */;
			buildPhases = (
				5E85B4521E8020CE00E7E8D2 /* Sources */,
				5E85B4531E8020CE00E7E8D2 /* Frameworks */,
				5E85B4541E8020CE00E7E8D2 /* Resources */,
			);
			buildRules = (
			);
			dependencies = (
			);
			name = GreenRoute;
			productName = GreenRoute;
			productReference = 5E85B4561E8020CE00E7E8D2 /* GreenRoute.app */;
			productType = "com.apple.product-type.application";
		};
/* End PBXNativeTarget section */

/* Begin PBXProject section */
		5E85B44E1E8020CE00E7E8D2 /* Project object */ = {
			isa = PBXProject;
			attributes = {
				LastSwiftUpdateCheck = 0730;
				LastUpgradeCheck = 0730;
				ORGANIZATIONNAME = "Vithala,Niharika";
				TargetAttributes = {
					5E85B4551E8020CE00E7E8D2 = {
						CreatedOnToolsVersion = 7.3.1;
					};
				};
			};
			buildConfigurationList = 5E85B4511E8020CE00E7E8D2 /* Build configuration list for PBXProject "GreenRoute" */;
			compatibilityVersion = "Xcode 3.2";
			developmentRegion = English;
			hasScannedForEncodings = 0;
			knownRegions = (
				en,
				Base,
			);
			mainGroup = 5E85B44D1E8020CE00E7E8D2;
			productRefGroup = 5E85B4571E8020CE00E7E8D2 /* Products */;
			projectDirPath = "";
			projectRoot = "";
			targets = (
				5E85B4551E8020CE00E7E8D2 /* GreenRoute */,
			);
		};
/* End PBXProject section */

/* Begin PBXResourcesBuildPhase section */
		5E85B4541E8020CE00E7E8D2 /* Resources */ = {
			isa = PBXResourcesBuildPhase;
			buildActionMask = 2147483647;
			files = (
				5E85B4641E8020CE00E7E8D2 /* LaunchScreen.storyboard in Resources */,
				5E85B4611E8020CE00E7E8D2 /* Assets.xcassets in Resources */,
				5E85B45F1E8020CE00E7E8D2 /* Main.storyboard in Resources */,
			);
			runOnlyForDeploymentPostprocessing = 0;
		};
/* End PBXResourcesBuildPhase section */

/* Begin PBXSourcesBuildPhase section */
		5E85B4521E8020CE00E7E8D2 /* Sources */ = {
			isa = PBXSourcesBuildPhase;
			buildActionMask = 2147483647;
			files = (
				5E85B45C1E8020CE00E7E8D2 /* ViewController.swift in Sources */,
				5E85B45A1E8020CE00E7E8D2 /* AppDelegate.swift in Sources */,
			);
			runOnlyForDeploymentPostprocessing = 0;
		};
/* End PBXSourcesBuildPhase section */

/* Begin PBXVariantGroup section */
		5E85B45D1E8020CE00E7E8D2 /* Main.storyboard */ = {
			isa = PBXVariantGroup;
			children = (
				5E85B45E1E8020CE00E7E8D2 /* Base */,
			);
			name = Main.storyboard;
			sourceTree = "<group>";
		};
		5E85B4621E8020CE00E7E8D2 /* LaunchScreen.storyboard */ = {
			isa = PBXVariantGroup;
			children = (
				5E85B4631E8020CE00E7E8D2 /* Base */,
			);
			name = LaunchScreen.storyboard;
			sourceTree = "<group>";
		};
/* End PBXVariantGroup section */

/* Begin XCBuildConfiguration section */
		5E85B4661E8020CE00E7E8D2 /* Debug */ = {
			isa = XCBuildConfiguration;
			buildSettings = {
				ALWAYS_SEARCH_USER_PATHS = NO;
				CLANG_ANALYZER_NONNULL = YES;
				CLANG_CXX_LANGUAGE_STANDARD = "gnu++0x";
				CLANG_CXX_LIBRARY = "libc++";
				CLANG_ENABLE_MODULES = YES;
				CLANG_ENABLE_OBJC_ARC = YES;
				CLANG_WARN_BOOL_CONVERSION = YES;
				CLANG_WARN_CONSTANT_CONVERSION = YES;
				CLANG_WARN_DIRECT_OBJC_ISA_USAGE = YES_ERROR;
				CLANG_WARN_EMPTY_BODY = YES;
				CLANG_WARN_ENUM_CONVERSION = YES;
				CLANG_WARN_INT_CONVERSION = YES;
				CLANG_WARN_OBJC_ROOT_CLASS = YES_ERROR;
				CLANG_WARN_UNREACHABLE_CODE = YES;
				CLANG_WARN__DUPLICATE_METHOD_MATCH = YES;
				"CODE_SIGN_IDENTITY[sdk=iphoneos*]" = "iPhone Developer";
				COPY_PHASE_STRIP = NO;
				DEBUG_INFORMATION_FORMAT = dwarf;
				ENABLE_STRICT_OBJC_MSGSEND = YES;
				ENABLE_TESTABILITY = YES;
				GCC_C_LANGUAGE_STANDARD = gnu99;
				GCC_DYNAMIC_NO_PIC = NO;
				GCC_NO_COMMON_BLOCKS = YES;
				GCC_OPTIMIZATION_LEVEL = 0;
				GCC_PREPROCESSOR_DEFINITIONS = (
					"DEBUG=1",
					"$(inherited)",
				);
				GCC_WARN_64_TO_32_BIT_CONVERSION = YES;
				GCC_WARN_ABOUT_RETURN_TYPE = YES_ERROR;
				GCC_WARN_UNDECLARED_SELECTOR = YES;
				GCC_WARN_UNINITIALIZED_AUTOS = YES_AGGRESSIVE;
				GCC_WARN_UNUSED_FUNCTION = YES;
				GCC_WARN_UNUSED_VARIABLE = YES;
				IPHONEOS_DEPLOYMENT_TARGET = 9.3;
				MTL_ENABLE_DEBUG_INFO = YES;
				ONLY_ACTIVE_ARCH = YES;
				SDKROOT = iphoneos;
				SWIFT_OPTIMIZATION_LEVEL = "-Onone";
				TARGETED_DEVICE_FAMILY = "1,2";
			};
			name = Debug;
		};
		5E85B4671E8020CE00E7E8D2 /* Release */ = {
			isa = XCBuildConfiguration;
			buildSettings = {
				ALWAYS_SEARCH_USER_PATHS = NO;
				CLANG_ANALYZER_NONNULL = YES;
				CLANG_CXX_LANGUAGE_STANDARD = "gnu++0x";
				CLANG_CXX_LIBRARY = "libc++";
				CLANG_ENABLE_MODULES = YES;
				CLANG_ENABLE_OBJC_ARC = YES;
				CLANG_WARN_BOOL_CONVERSION = YES;
				CLANG_WARN_CONSTANT_CONVERSION = YES;
				CLANG_WARN_DIRECT_OBJC_ISA_USAGE = YES_ERROR;
				CLANG_WARN_EMPTY_BODY = YES;
				CLANG_WARN_ENUM_CONVERSION = YES;
				CLANG_WARN_INT_CONVERSION = YES;
				CLANG_WARN_OBJC_ROOT_CLASS = YES_ERROR;
				CLANG_WARN_UNREACHABLE_CODE = YES;
				CLANG_WARN__DUPLICATE_METHOD_MATCH = YES;
				"CODE_SIGN_IDENTITY[sdk=iphoneos*]" = "iPhone Developer";
				COPY_PHASE_STRIP = NO;
				DEBUG_INFORMATION_FORMAT = "dwarf-with-dsym";
				ENABLE_NS_ASSERTIONS = NO;
				ENABLE_STRICT_OBJC_MSGSEND = YES;
				GCC_C_LANGUAGE_STANDARD = gnu99;
				GCC_NO_COMMON_BLOCKS = YES;
				GCC_WARN_64_TO_32_BIT_CONVERSION = YES;
				GCC_WARN_ABOUT_RETURN_TYPE = YES_ERROR;
				GCC_WARN_UNDECLARED_SELECTOR = YES;
				GCC_WARN_UNINITIALIZED_AUTOS = YES_AGGRESSIVE;
				GCC_WARN_UNUSED_FUNCTION = YES;
				GCC_WARN_UNUSED_VARIABLE = YES;
				IPHONEOS_DEPLOYMENT_TARGET = 9.3;
				MTL_ENABLE_DEBUG_INFO = NO;
				SDKROOT = iphoneos;
				TARGETED_DEVICE_FAMILY = "1,2";
				VALIDATE_PRODUCT = YES;
			};
			name = Release;
		};
		5E85B4691E8020CE00E7E8D2 /* Debug */ = {
			isa = XCBuildConfiguration;
			buildSettings = {
				ASSETCATALOG_COMPILER_APPICON_NAME = AppIcon;
				INFOPLIST_FILE = GreenRoute/Info.plist;
				LD_RUNPATH_SEARCH_PATHS = "$(inherited) @executable_path/Frameworks";
				PRODUCT_BUNDLE_IDENTIFIER = com.map.GreenRoute;
				PRODUCT_NAME = "$(TARGET_NAME)";
			};
			name = Debug;
		};
		5E85B46A1E8020CE00E7E8D2 /* Release */ = {
			isa = XCBuildConfiguration;
			buildSettings = {
				ASSETCATALOG_COMPILER_APPICON_NAME = AppIcon;
				INFOPLIST_FILE = GreenRoute/Info.plist;
				LD_RUNPATH_SEARCH_PATHS = "$(inherited) @executable_path/Frameworks";
				PRODUCT_BUNDLE_IDENTIFIER = com.map.GreenRoute;
				PRODUCT_NAME = "$(TARGET_NAME)";
			};
			name = Release;
		};
/* End XCBuildConfiguration section */

/* Begin XCConfigurationList section */
		5E85B4511E8020CE00E7E8D2 /* Build configuration list for PBXProject "GreenRoute" */ = {
			isa = XCConfigurationList;
			buildConfigurations = (
				5E85B4661E8020CE00E7E8D2 /* Debug */,
				5E85B4671E8020CE00E7E8D2 /* Release */,
			);
			defaultConfigurationIsVisible = 0;
			defaultConfigurationName = Release;
		};
		5E85B4681E8020CE00E7E8D2 /* Build configuration list for PBXNativeTarget "GreenRoute" */ = {
			isa = XCConfigurationList;
			buildConfigurations = (
				5E85B4691E8020CE00E7E8D2 /* Debug */,
				5E85B46A1E8020CE00E7E8D2 /* Release */,
			);
			defaultConfigurationIsVisible = 0;
		};
/* End XCConfigurationList section */
	};
	rootObject = 5E85B44E1E8020CE00E7E8D2 /* Project object */;
}
